
Microsoft Visual Studio Solution File, Format Version 12.00
# Visual Studio Version 17
VisualStudioVersion = 17.1.32228.430
MinimumVisualStudioVersion = 10.0.40219.1
Project("{FAE04EC0-301F-11D3-BF4B-00C04F79EFBC}") = "SampleDatabaseWalkthrough", "SampleDatabaseWalkthrough\SampleDatabaseWalkthrough.csproj", "{3C19B06B-C619-486A-9E85-792C4C5C38B8}"
EndProject
Global
	GlobalSection(SolutionConfigurationPlatforms) = preSolution
		Debug|Any CPU = Debug|Any CPU
		Release|Any CPU = Release|Any CPU
	EndGlobalSection
	GlobalSection(ProjectConfigurationPlatforms) = postSolution
		{3C19B06B-C619-486A-9E85-792C4C5C38B8}.Debug|Any CPU.ActiveCfg = Debug|Any CPU
		{3C19B06B-C619-486A-9E85-792C4C5C38B8}.Debug|Any CPU.Build.0 = Debug|Any CPU
		{3C19B06B-C619-486A-9E85-792C4C5C38B8}.Release|Any CPU.ActiveCfg = Release|Any CPU
		{3C19B06B-C619-486A-9E85-792C4C5C38B8}.Release|Any CPU.Build.0 = Release|Any CPU
	EndGlobalSection
	GlobalSection(SolutionProperties) = preSolution
		HideSolutionNode = FALSE
	EndGlobalSection
	GlobalSection(ExtensibilityGlobals) = postSolution
		SolutionGuid = {0DD93363-BB78-4462-83B1-90F32CB103FF}
	EndGlobalSection
EndGlobal
